
Microsoft Visual Studio Solution File, Format Version 12.00
# Visual Studio 2012
Project("{F2A71F9B-5D33-465A-A702-920D77279786}") = "7.1", "7.1\7.1.fsproj", "{2AB68983-85F2-4596-81E4-0D4B4A23AE79}"
EndProject
Global
	GlobalSection(SolutionConfigurationPlatforms) = preSolution
		Debug|Any CPU = Debug|Any CPU
		Release|Any CPU = Release|Any CPU
	EndGlobalSection
	GlobalSection(ProjectConfigurationPlatforms) = postSolution
		{2AB68983-85F2-4596-81E4-0D4B4A23AE79}.Debug|Any CPU.ActiveCfg = Debug|Any CPU
		{2AB68983-85F2-4596-81E4-0D4B4A23AE79}.Debug|Any CPU.Build.0 = Debug|Any CPU
		{2AB68983-85F2-4596-81E4-0D4B4A23AE79}.Release|Any CPU.ActiveCfg = Release|Any CPU
		{2AB68983-85F2-4596-81E4-0D4B4A23AE79}.Release|Any CPU.Build.0 = Release|Any CPU
	EndGlobalSection
	GlobalSection(SolutionProperties) = preSolution
		HideSolutionNode = FALSE
	EndGlobalSection
EndGlobal
