
Microsoft Visual Studio Solution File, Format Version 12.00
# Visual Studio 2012
Project("{F2A71F9B-5D33-465A-A702-920D77279786}") = "3.5", "3.5\3.5.fsproj", "{921C03AE-3679-4F9D-B6E7-CA028983AC0C}"
EndProject
Global
	GlobalSection(SolutionConfigurationPlatforms) = preSolution
		Debug|Any CPU = Debug|Any CPU
		Release|Any CPU = Release|Any CPU
	EndGlobalSection
	GlobalSection(ProjectConfigurationPlatforms) = postSolution
		{921C03AE-3679-4F9D-B6E7-CA028983AC0C}.Debug|Any CPU.ActiveCfg = Debug|Any CPU
		{921C03AE-3679-4F9D-B6E7-CA028983AC0C}.Debug|Any CPU.Build.0 = Debug|Any CPU
		{921C03AE-3679-4F9D-B6E7-CA028983AC0C}.Release|Any CPU.ActiveCfg = Release|Any CPU
		{921C03AE-3679-4F9D-B6E7-CA028983AC0C}.Release|Any CPU.Build.0 = Release|Any CPU
	EndGlobalSection
	GlobalSection(SolutionProperties) = preSolution
		HideSolutionNode = FALSE
	EndGlobalSection
EndGlobal
