
Microsoft Visual Studio Solution File, Format Version 12.00
# Visual Studio 2012
Project("{F2A71F9B-5D33-465A-A702-920D77279786}") = "4.5", "4.5\4.5.fsproj", "{1A6C4D41-8DE8-4047-9921-6D5ACA85580C}"
EndProject
Global
	GlobalSection(SolutionConfigurationPlatforms) = preSolution
		Debug|Any CPU = Debug|Any CPU
		Release|Any CPU = Release|Any CPU
	EndGlobalSection
	GlobalSection(ProjectConfigurationPlatforms) = postSolution
		{1A6C4D41-8DE8-4047-9921-6D5ACA85580C}.Debug|Any CPU.ActiveCfg = Debug|Any CPU
		{1A6C4D41-8DE8-4047-9921-6D5ACA85580C}.Debug|Any CPU.Build.0 = Debug|Any CPU
		{1A6C4D41-8DE8-4047-9921-6D5ACA85580C}.Release|Any CPU.ActiveCfg = Release|Any CPU
		{1A6C4D41-8DE8-4047-9921-6D5ACA85580C}.Release|Any CPU.Build.0 = Release|Any CPU
	EndGlobalSection
	GlobalSection(SolutionProperties) = preSolution
		HideSolutionNode = FALSE
	EndGlobalSection
EndGlobal
