
Microsoft Visual Studio Solution File, Format Version 12.00
# Visual Studio 2012
Project("{F2A71F9B-5D33-465A-A702-920D77279786}") = "ConsoleApplication1", "ConsoleApplication1\ConsoleApplication1.fsproj", "{EF32D5F5-4A25-438B-B729-667F465CF31C}"
EndProject
Global
	GlobalSection(SolutionConfigurationPlatforms) = preSolution
		Debug|Any CPU = Debug|Any CPU
		Release|Any CPU = Release|Any CPU
	EndGlobalSection
	GlobalSection(ProjectConfigurationPlatforms) = postSolution
		{EF32D5F5-4A25-438B-B729-667F465CF31C}.Debug|Any CPU.ActiveCfg = Debug|Any CPU
		{EF32D5F5-4A25-438B-B729-667F465CF31C}.Debug|Any CPU.Build.0 = Debug|Any CPU
		{EF32D5F5-4A25-438B-B729-667F465CF31C}.Release|Any CPU.ActiveCfg = Release|Any CPU
		{EF32D5F5-4A25-438B-B729-667F465CF31C}.Release|Any CPU.Build.0 = Release|Any CPU
	EndGlobalSection
	GlobalSection(SolutionProperties) = preSolution
		HideSolutionNode = FALSE
	EndGlobalSection
EndGlobal
